
Microsoft Visual Studio Solution File, Format Version 12.00
# Visual Studio 15
VisualStudioVersion = 15.0.28307.271
MinimumVisualStudioVersion = 10.0.40219.1
Project("{9A19103F-16F7-4668-BE54-9A1E7A4F7556}") = "AsrSystem", "AsrSystem\AsrSystem.csproj", "{A5DCB987-D0A4-4428-AF16-8A12D27D97DD}"
EndProject
Project("{9A19103F-16F7-4668-BE54-9A1E7A4F7556}") = "Dashboard", "..\Dashboard\Dashboard\Dashboard.csproj", "{D4BA2E73-5E9C-48AE-A06B-2F7C490FFC57}"
EndProject
Global
	GlobalSection(SolutionConfigurationPlatforms) = preSolution
		Debug|Any CPU = Debug|Any CPU
		Release|Any CPU = Release|Any CPU
	EndGlobalSection
	GlobalSection(ProjectConfigurationPlatforms) = postSolution
		{A5DCB987-D0A4-4428-AF16-8A12D27D97DD}.Debug|Any CPU.ActiveCfg = Debug|Any CPU
		{A5DCB987-D0A4-4428-AF16-8A12D27D97DD}.Debug|Any CPU.Build.0 = Debug|Any CPU
		{A5DCB987-D0A4-4428-AF16-8A12D27D97DD}.Release|Any CPU.ActiveCfg = Release|Any CPU
		{A5DCB987-D0A4-4428-AF16-8A12D27D97DD}.Release|Any CPU.Build.0 = Release|Any CPU
		{D4BA2E73-5E9C-48AE-A06B-2F7C490FFC57}.Debug|Any CPU.ActiveCfg = Debug|Any CPU
		{D4BA2E73-5E9C-48AE-A06B-2F7C490FFC57}.Debug|Any CPU.Build.0 = Debug|Any CPU
		{D4BA2E73-5E9C-48AE-A06B-2F7C490FFC57}.Release|Any CPU.ActiveCfg = Release|Any CPU
		{D4BA2E73-5E9C-48AE-A06B-2F7C490FFC57}.Release|Any CPU.Build.0 = Release|Any CPU
	EndGlobalSection
	GlobalSection(SolutionProperties) = preSolution
		HideSolutionNode = FALSE
	EndGlobalSection
	GlobalSection(ExtensibilityGlobals) = postSolution
		SolutionGuid = {B68099B4-6AD3-4DCC-8D49-7090109A276D}
	EndGlobalSection
EndGlobal
